
Microsoft Visual Studio Solution File, Format Version 12.00
# Visual Studio 15
VisualStudioVersion = 15.0.26430.16
MinimumVisualStudioVersion = 10.0.40219.1
Project("{FAE04EC0-301F-11D3-BF4B-00C04F79EFBC}") = "biblepay_rpc", "biblepay_rpc\biblepay_rpc.csproj", "{825062F7-0241-4B0F-A1E5-FEF8F2E34D66}"
EndProject
Project("{FAE04EC0-301F-11D3-BF4B-00C04F79EFBC}") = "BitcoinLib", "..\BitcoinLib-master\src\BitcoinLib\BitcoinLib.csproj", "{B853E315-7103-4CBA-8873-D5202019F267}"
EndProject
Global
	GlobalSection(SolutionConfigurationPlatforms) = preSolution
		Debug|Any CPU = Debug|Any CPU
		Release|Any CPU = Release|Any CPU
	EndGlobalSection
	GlobalSection(ProjectConfigurationPlatforms) = postSolution
		{825062F7-0241-4B0F-A1E5-FEF8F2E34D66}.Debug|Any CPU.ActiveCfg = Debug|Any CPU
		{825062F7-0241-4B0F-A1E5-FEF8F2E34D66}.Debug|Any CPU.Build.0 = Debug|Any CPU
		{825062F7-0241-4B0F-A1E5-FEF8F2E34D66}.Release|Any CPU.ActiveCfg = Release|Any CPU
		{825062F7-0241-4B0F-A1E5-FEF8F2E34D66}.Release|Any CPU.Build.0 = Release|Any CPU
		{B853E315-7103-4CBA-8873-D5202019F267}.Debug|Any CPU.ActiveCfg = Debug|Any CPU
		{B853E315-7103-4CBA-8873-D5202019F267}.Debug|Any CPU.Build.0 = Debug|Any CPU
		{B853E315-7103-4CBA-8873-D5202019F267}.Release|Any CPU.ActiveCfg = Release|Any CPU
		{B853E315-7103-4CBA-8873-D5202019F267}.Release|Any CPU.Build.0 = Release|Any CPU
	EndGlobalSection
	GlobalSection(SolutionProperties) = preSolution
		HideSolutionNode = FALSE
	EndGlobalSection
EndGlobal
